// !$*UTF8*$!
{
	archiveVersion = 1;
	classes = {
	};
	objectVersion = 50;
	objects = {

/* Begin PBXBuildFile section */
		F119A6C324FEB9E4003D130D /* TinderLoader WatchKit App.app in Embed Watch Content */ = {isa = PBXBuildFile; fileRef = F119A6C224FEB9E4003D130D /* TinderLoader WatchKit App.app */; settings = {ATTRIBUTES = (RemoveHeadersOnCopy, ); }; };
		F119A6C824FEB9E4003D130D /* Assets.xcassets in Resources */ = {isa = PBXBuildFile; fileRef = F119A6C724FEB9E4003D130D /* Assets.xcassets */; };
		F119A6CF24FEB9E4003D130D /* TinderLoader WatchKit Extension.appex in Embed App Extensions */ = {isa = PBXBuildFile; fileRef = F119A6CE24FEB9E4003D130D /* TinderLoader WatchKit Extension.appex */; settings = {ATTRIBUTES = (RemoveHeadersOnCopy, ); }; };
		F119A6D424FEB9E4003D130D /* ContentView.swift in Sources */ = {isa = PBXBuildFile; fileRef = F119A6D324FEB9E4003D130D /* ContentView.swift */; };
		F119A6D624FEB9E4003D130D /* TinderLoaderApp.swift in Sources */ = {isa = PBXBuildFile; fileRef = F119A6D524FEB9E4003D130D /* TinderLoaderApp.swift */; };
		F119A6D824FEB9E4003D130D /* ComplicationController.swift in Sources */ = {isa = PBXBuildFile; fileRef = F119A6D724FEB9E4003D130D /* ComplicationController.swift */; };
		F119A6DA24FEB9E5003D130D /* Assets.xcassets in Resources */ = {isa = PBXBuildFile; fileRef = F119A6D924FEB9E5003D130D /* Assets.xcassets */; };
		F119A6DD24FEB9E5003D130D /* Preview Assets.xcassets in Resources */ = {isa = PBXBuildFile; fileRef = F119A6DC24FEB9E5003D130D /* Preview Assets.xcassets */; };
/* End PBXBuildFile section */

/* Begin PBXContainerItemProxy section */
		F119A6C424FEB9E4003D130D /* PBXContainerItemProxy */ = {
			isa = PBXContainerItemProxy;
			containerPortal = F119A6B824FEB9E4003D130D /* Project object */;
			proxyType = 1;
			remoteGlobalIDString = F119A6C124FEB9E4003D130D;
			remoteInfo = "TinderLoader WatchKit App";
		};
		F119A6D024FEB9E4003D130D /* PBXContainerItemProxy */ = {
			isa = PBXContainerItemProxy;
			containerPortal = F119A6B824FEB9E4003D130D /* Project object */;
			proxyType = 1;
			remoteGlobalIDString = F119A6CD24FEB9E4003D130D;
			remoteInfo = "TinderLoader WatchKit Extension";
		};
/* End PBXContainerItemProxy section */

/* Begin PBXCopyFilesBuildPhase section */
		F119A6E424FEB9E5003D130D /* Embed App Extensions */ = {
			isa = PBXCopyFilesBuildPhase;
			buildActionMask = 2147483647;
			dstPath = "";
			dstSubfolderSpec = 13;
			files = (
				F119A6CF24FEB9E4003D130D /* TinderLoader WatchKit Extension.appex in Embed App Extensions */,
			);
			name = "Embed App Extensions";
			runOnlyForDeploymentPostprocessing = 0;
		};
		F119A6E824FEB9E5003D130D /* Embed Watch Content */ = {
			isa = PBXCopyFilesBuildPhase;
			buildActionMask = 2147483647;
			dstPath = "$(CONTENTS_FOLDER_PATH)/Watch";
			dstSubfolderSpec = 16;
			files = (
				F119A6C324FEB9E4003D130D /* TinderLoader WatchKit App.app in Embed Watch Content */,
			);
			name = "Embed Watch Content";
			runOnlyForDeploymentPostprocessing = 0;
		};
/* End PBXCopyFilesBuildPhase section */

/* Begin PBXFileReference section */
		F119A6BE24FEB9E4003D130D /* TinderLoader.app */ = {isa = PBXFileReference; explicitFileType = wrapper.application; includeInIndex = 0; path = TinderLoader.app; sourceTree = BUILT_PRODUCTS_DIR; };
		F119A6C224FEB9E4003D130D /* TinderLoader WatchKit App.app */ = {isa = PBXFileReference; explicitFileType = wrapper.application; includeInIndex = 0; path = "TinderLoader WatchKit App.app"; sourceTree = BUILT_PRODUCTS_DIR; };
		F119A6C724FEB9E4003D130D /* Assets.xcassets */ = {isa = PBXFileReference; lastKnownFileType = folder.assetcatalog; path = Assets.xcassets; sourceTree = "<group>"; };
		F119A6C924FEB9E4003D130D /* Info.plist */ = {isa = PBXFileReference; lastKnownFileType = text.plist.xml; path = Info.plist; sourceTree = "<group>"; };
		F119A6CE24FEB9E4003D130D /* TinderLoader WatchKit Extension.appex */ = {isa = PBXFileReference; explicitFileType = "wrapper.app-extension"; includeInIndex = 0; path = "TinderLoader WatchKit Extension.appex"; sourceTree = BUILT_PRODUCTS_DIR; };
		F119A6D324FEB9E4003D130D /* ContentView.swift */ = {isa = PBXFileReference; lastKnownFileType = sourcecode.swift; path = ContentView.swift; sourceTree = "<group>"; };
		F119A6D524FEB9E4003D130D /* TinderLoaderApp.swift */ = {isa = PBXFileReference; lastKnownFileType = sourcecode.swift; path = TinderLoaderApp.swift; sourceTree = "<group>"; };
		F119A6D724FEB9E4003D130D /* ComplicationController.swift */ = {isa = PBXFileReference; lastKnownFileType = sourcecode.swift; path = ComplicationController.swift; sourceTree = "<group>"; };
		F119A6D924FEB9E5003D130D /* Assets.xcassets */ = {isa = PBXFileReference; lastKnownFileType = folder.assetcatalog; path = Assets.xcassets; sourceTree = "<group>"; };
		F119A6DC24FEB9E5003D130D /* Preview Assets.xcassets */ = {isa = PBXFileReference; lastKnownFileType = folder.assetcatalog; path = "Preview Assets.xcassets"; sourceTree = "<group>"; };
		F119A6DE24FEB9E5003D130D /* Info.plist */ = {isa = PBXFileReference; lastKnownFileType = text.plist.xml; path = Info.plist; sourceTree = "<group>"; };
/* End PBXFileReference section */

/* Begin PBXFrameworksBuildPhase section */
		F119A6CB24FEB9E4003D130D /* Frameworks */ = {
			isa = PBXFrameworksBuildPhase;
			buildActionMask = 2147483647;
			files = (
			);
			runOnlyForDeploymentPostprocessing = 0;
		};
/* End PBXFrameworksBuildPhase section */

/* Begin PBXGroup section */
		F119A6B724FEB9E4003D130D = {
			isa = PBXGroup;
			children = (
				F119A6C624FEB9E4003D130D /* TinderLoader WatchKit App */,
				F119A6D224FEB9E4003D130D /* TinderLoader WatchKit Extension */,
				F119A6BF24FEB9E4003D130D /* Products */,
			);
			sourceTree = "<group>";
		};
		F119A6BF24FEB9E4003D130D /* Products */ = {
			isa = PBXGroup;
			children = (
				F119A6BE24FEB9E4003D130D /* TinderLoader.app */,
				F119A6C224FEB9E4003D130D /* TinderLoader WatchKit App.app */,
				F119A6CE24FEB9E4003D130D /* TinderLoader WatchKit Extension.appex */,
			);
			name = Products;
			sourceTree = "<group>";
		};
		F119A6C624FEB9E4003D130D /* TinderLoader WatchKit App */ = {
			isa = PBXGroup;
			children = (
				F119A6C724FEB9E4003D130D /* Assets.xcassets */,
				F119A6C924FEB9E4003D130D /* Info.plist */,
			);
			path = "TinderLoader WatchKit App";
			sourceTree = "<group>";
		};
		F119A6D224FEB9E4003D130D /* TinderLoader WatchKit Extension */ = {
			isa = PBXGroup;
			children = (
				F119A6D324FEB9E4003D130D /* ContentView.swift */,
				F119A6D524FEB9E4003D130D /* TinderLoaderApp.swift */,
				F119A6D724FEB9E4003D130D /* ComplicationController.swift */,
				F119A6D924FEB9E5003D130D /* Assets.xcassets */,
				F119A6DE24FEB9E5003D130D /* Info.plist */,
				F119A6DB24FEB9E5003D130D /* Preview Content */,
			);
			path = "TinderLoader WatchKit Extension";
			sourceTree = "<group>";
		};
		F119A6DB24FEB9E5003D130D /* Preview Content */ = {
			isa = PBXGroup;
			children = (
				F119A6DC24FEB9E5003D130D /* Preview Assets.xcassets */,
			);
			path = "Preview Content";
			sourceTree = "<group>";
		};
/* End PBXGroup section */

/* Begin PBXNativeTarget section */
		F119A6BD24FEB9E4003D130D /* TinderLoader */ = {
			isa = PBXNativeTarget;
			buildConfigurationList = F119A6E924FEB9E5003D130D /* Build configuration list for PBXNativeTarget "TinderLoader" */;
			buildPhases = (
				F119A6BC24FEB9E4003D130D /* Resources */,
				F119A6E824FEB9E5003D130D /* Embed Watch Content */,
			);
			buildRules = (
			);
			dependencies = (
				F119A6C524FEB9E4003D130D /* PBXTargetDependency */,
			);
			name = TinderLoader;
			productName = TinderLoader;
			productReference = F119A6BE24FEB9E4003D130D /* TinderLoader.app */;
			productType = "com.apple.product-type.application.watchapp2-container";
		};
		F119A6C124FEB9E4003D130D /* TinderLoader WatchKit App */ = {
			isa = PBXNativeTarget;
			buildConfigurationList = F119A6E524FEB9E5003D130D /* Build configuration list for PBXNativeTarget "TinderLoader WatchKit App" */;
			buildPhases = (
				F119A6C024FEB9E4003D130D /* Resources */,
				F119A6E424FEB9E5003D130D /* Embed App Extensions */,
			);
			buildRules = (
			);
			dependencies = (
				F119A6D124FEB9E4003D130D /* PBXTargetDependency */,
			);
			name = "TinderLoader WatchKit App";
			productName = "TinderLoader WatchKit App";
			productReference = F119A6C224FEB9E4003D130D /* TinderLoader WatchKit App.app */;
			productType = "com.apple.product-type.application.watchapp2";
		};
		F119A6CD24FEB9E4003D130D /* TinderLoader WatchKit Extension */ = {
			isa = PBXNativeTarget;
			buildConfigurationList = F119A6E124FEB9E5003D130D /* Build configuration list for PBXNativeTarget "TinderLoader WatchKit Extension" */;
			buildPhases = (
				F119A6CA24FEB9E4003D130D /* Sources */,
				F119A6CB24FEB9E4003D130D /* Frameworks */,
				F119A6CC24FEB9E4003D130D /* Resources */,
			);
			buildRules = (
			);
			dependencies = (
			);
			name = "TinderLoader WatchKit Extension";
			productName = "TinderLoader WatchKit Extension";
			productReference = F119A6CE24FEB9E4003D130D /* TinderLoader WatchKit Extension.appex */;
			productType = "com.apple.product-type.watchkit2-extension";
		};
/* End PBXNativeTarget section */

/* Begin PBXProject section */
		F119A6B824FEB9E4003D130D /* Project object */ = {
			isa = PBXProject;
			attributes = {
				LastSwiftUpdateCheck = 1200;
				LastUpgradeCheck = 1200;
				TargetAttributes = {
					F119A6BD24FEB9E4003D130D = {
						CreatedOnToolsVersion = 12.0;
					};
					F119A6C124FEB9E4003D130D = {
						CreatedOnToolsVersion = 12.0;
					};
					F119A6CD24FEB9E4003D130D = {
						CreatedOnToolsVersion = 12.0;
					};
				};
			};
			buildConfigurationList = F119A6BB24FEB9E4003D130D /* Build configuration list for PBXProject "TinderLoader" */;
			compatibilityVersion = "Xcode 9.3";
			developmentRegion = en;
			hasScannedForEncodings = 0;
			knownRegions = (
				en,
				Base,
			);
			mainGroup = F119A6B724FEB9E4003D130D;
			productRefGroup = F119A6BF24FEB9E4003D130D /* Products */;
			projectDirPath = "";
			projectRoot = "";
			targets = (
				F119A6BD24FEB9E4003D130D /* TinderLoader */,
				F119A6C124FEB9E4003D130D /* TinderLoader WatchKit App */,
				F119A6CD24FEB9E4003D130D /* TinderLoader WatchKit Extension */,
			);
		};
/* End PBXProject section */

/* Begin PBXResourcesBuildPhase section */
		F119A6BC24FEB9E4003D130D /* Resources */ = {
			isa = PBXResourcesBuildPhase;
			buildActionMask = 2147483647;
			files = (
			);
			runOnlyForDeploymentPostprocessing = 0;
		};
		F119A6C024FEB9E4003D130D /* Resources */ = {
			isa = PBXResourcesBuildPhase;
			buildActionMask = 2147483647;
			files = (
				F119A6C824FEB9E4003D130D /* Assets.xcassets in Resources */,
			);
			runOnlyForDeploymentPostprocessing = 0;
		};
		F119A6CC24FEB9E4003D130D /* Resources */ = {
			isa = PBXResourcesBuildPhase;
			buildActionMask = 2147483647;
			files = (
				F119A6DD24FEB9E5003D130D /* Preview Assets.xcassets in Resources */,
				F119A6DA24FEB9E5003D130D /* Assets.xcassets in Resources */,
			);
			runOnlyForDeploymentPostprocessing = 0;
		};
/* End PBXResourcesBuildPhase section */

/* Begin PBXSourcesBuildPhase section */
		F119A6CA24FEB9E4003D130D /* Sources */ = {
			isa = PBXSourcesBuildPhase;
			buildActionMask = 2147483647;
			files = (
				F119A6D624FEB9E4003D130D /* TinderLoaderApp.swift in Sources */,
				F119A6D424FEB9E4003D130D /* ContentView.swift in Sources */,
				F119A6D824FEB9E4003D130D /* ComplicationController.swift in Sources */,
			);
			runOnlyForDeploymentPostprocessing = 0;
		};
/* End PBXSourcesBuildPhase section */

/* Begin PBXTargetDependency section */
		F119A6C524FEB9E4003D130D /* PBXTargetDependency */ = {
			isa = PBXTargetDependency;
			target = F119A6C124FEB9E4003D130D /* TinderLoader WatchKit App */;
			targetProxy = F119A6C424FEB9E4003D130D /* PBXContainerItemProxy */;
		};
		F119A6D124FEB9E4003D130D /* PBXTargetDependency */ = {
			isa = PBXTargetDependency;
			target = F119A6CD24FEB9E4003D130D /* TinderLoader WatchKit Extension */;
			targetProxy = F119A6D024FEB9E4003D130D /* PBXContainerItemProxy */;
		};
/* End PBXTargetDependency section */

/* Begin XCBuildConfiguration section */
		F119A6DF24FEB9E5003D130D /* Debug */ = {
			isa = XCBuildConfiguration;
			buildSettings = {
				ALWAYS_SEARCH_USER_PATHS = NO;
				CLANG_ANALYZER_NONNULL = YES;
				CLANG_ANALYZER_NUMBER_OBJECT_CONVERSION = YES_AGGRESSIVE;
				CLANG_CXX_LANGUAGE_STANDARD = "gnu++14";
				CLANG_CXX_LIBRARY = "libc++";
				CLANG_ENABLE_MODULES = YES;
				CLANG_ENABLE_OBJC_ARC = YES;
				CLANG_ENABLE_OBJC_WEAK = YES;
				CLANG_WARN_BLOCK_CAPTURE_AUTORELEASING = YES;
				CLANG_WARN_BOOL_CONVERSION = YES;
				CLANG_WARN_COMMA = YES;
				CLANG_WARN_CONSTANT_CONVERSION = YES;
				CLANG_WARN_DEPRECATED_OBJC_IMPLEMENTATIONS = YES;
				CLANG_WARN_DIRECT_OBJC_ISA_USAGE = YES_ERROR;
				CLANG_WARN_DOCUMENTATION_COMMENTS = YES;
				CLANG_WARN_EMPTY_BODY = YES;
				CLANG_WARN_ENUM_CONVERSION = YES;
				CLANG_WARN_INFINITE_RECURSION = YES;
				CLANG_WARN_INT_CONVERSION = YES;
				CLANG_WARN_NON_LITERAL_NULL_CONVERSION = YES;
				CLANG_WARN_OBJC_IMPLICIT_RETAIN_SELF = YES;
				CLANG_WARN_OBJC_LITERAL_CONVERSION = YES;
				CLANG_WARN_OBJC_ROOT_CLASS = YES_ERROR;
				CLANG_WARN_QUOTED_INCLUDE_IN_FRAMEWORK_HEADER = YES;
				CLANG_WARN_RANGE_LOOP_ANALYSIS = YES;
				CLANG_WARN_STRICT_PROTOTYPES = YES;
				CLANG_WARN_SUSPICIOUS_MOVE = YES;
				CLANG_WARN_UNGUARDED_AVAILABILITY = YES_AGGRESSIVE;
				CLANG_WARN_UNREACHABLE_CODE = YES;
				CLANG_WARN__DUPLICATE_METHOD_MATCH = YES;
				COPY_PHASE_STRIP = NO;
				DEBUG_INFORMATION_FORMAT = dwarf;
				ENABLE_STRICT_OBJC_MSGSEND = YES;
				ENABLE_TESTABILITY = YES;
				GCC_C_LANGUAGE_STANDARD = gnu11;
				GCC_DYNAMIC_NO_PIC = NO;
				GCC_NO_COMMON_BLOCKS = YES;
				GCC_OPTIMIZATION_LEVEL = 0;
				GCC_PREPROCESSOR_DEFINITIONS = (
					"DEBUG=1",
					"$(inherited)",
				);
				GCC_WARN_64_TO_32_BIT_CONVERSION = YES;
				GCC_WARN_ABOUT_RETURN_TYPE = YES_ERROR;
				GCC_WARN_UNDECLARED_SELECTOR = YES;
				GCC_WARN_UNINITIALIZED_AUTOS = YES_AGGRESSIVE;
				GCC_WARN_UNUSED_FUNCTION = YES;
				GCC_WARN_UNUSED_VARIABLE = YES;
				MTL_ENABLE_DEBUG_INFO = INCLUDE_SOURCE;
				MTL_FAST_MATH = YES;
				ONLY_ACTIVE_ARCH = YES;
				SDKROOT = iphoneos;
				SWIFT_ACTIVE_COMPILATION_CONDITIONS = DEBUG;
				SWIFT_OPTIMIZATION_LEVEL = "-Onone";
			};
			name = Debug;
		};
		F119A6E024FEB9E5003D130D /* Release */ = {
			isa = XCBuildConfiguration;
			buildSettings = {
				ALWAYS_SEARCH_USER_PATHS = NO;
				CLANG_ANALYZER_NONNULL = YES;
				CLANG_ANALYZER_NUMBER_OBJECT_CONVERSION = YES_AGGRESSIVE;
				CLANG_CXX_LANGUAGE_STANDARD = "gnu++14";
				CLANG_CXX_LIBRARY = "libc++";
				CLANG_ENABLE_MODULES = YES;
				CLANG_ENABLE_OBJC_ARC = YES;
				CLANG_ENABLE_OBJC_WEAK = YES;
				CLANG_WARN_BLOCK_CAPTURE_AUTORELEASING = YES;
				CLANG_WARN_BOOL_CONVERSION = YES;
				CLANG_WARN_COMMA = YES;
				CLANG_WARN_CONSTANT_CONVERSION = YES;
				CLANG_WARN_DEPRECATED_OBJC_IMPLEMENTATIONS = YES;
				CLANG_WARN_DIRECT_OBJC_ISA_USAGE = YES_ERROR;
				CLANG_WARN_DOCUMENTATION_COMMENTS = YES;
				CLANG_WARN_EMPTY_BODY = YES;
				CLANG_WARN_ENUM_CONVERSION = YES;
				CLANG_WARN_INFINITE_RECURSION = YES;
				CLANG_WARN_INT_CONVERSION = YES;
				CLANG_WARN_NON_LITERAL_NULL_CONVERSION = YES;
				CLANG_WARN_OBJC_IMPLICIT_RETAIN_SELF = YES;
				CLANG_WARN_OBJC_LITERAL_CONVERSION = YES;
				CLANG_WARN_OBJC_ROOT_CLASS = YES_ERROR;
				CLANG_WARN_QUOTED_INCLUDE_IN_FRAMEWORK_HEADER = YES;
				CLANG_WARN_RANGE_LOOP_ANALYSIS = YES;
				CLANG_WARN_STRICT_PROTOTYPES = YES;
				CLANG_WARN_SUSPICIOUS_MOVE = YES;
				CLANG_WARN_UNGUARDED_AVAILABILITY = YES_AGGRESSIVE;
				CLANG_WARN_UNREACHABLE_CODE = YES;
				CLANG_WARN__DUPLICATE_METHOD_MATCH = YES;
				COPY_PHASE_STRIP = NO;
				DEBUG_INFORMATION_FORMAT = "dwarf-with-dsym";
				ENABLE_NS_ASSERTIONS = NO;
				ENABLE_STRICT_OBJC_MSGSEND = YES;
				GCC_C_LANGUAGE_STANDARD = gnu11;
				GCC_NO_COMMON_BLOCKS = YES;
				GCC_WARN_64_TO_32_BIT_CONVERSION = YES;
				GCC_WARN_ABOUT_RETURN_TYPE = YES_ERROR;
				GCC_WARN_UNDECLARED_SELECTOR = YES;
				GCC_WARN_UNINITIALIZED_AUTOS = YES_AGGRESSIVE;
				GCC_WARN_UNUSED_FUNCTION = YES;
				GCC_WARN_UNUSED_VARIABLE = YES;
				MTL_ENABLE_DEBUG_INFO = NO;
				MTL_FAST_MATH = YES;
				SDKROOT = iphoneos;
				SWIFT_COMPILATION_MODE = wholemodule;
				SWIFT_OPTIMIZATION_LEVEL = "-O";
				VALIDATE_PRODUCT = YES;
			};
			name = Release;
		};
		F119A6E224FEB9E5003D130D /* Debug */ = {
			isa = XCBuildConfiguration;
			buildSettings = {
				ASSETCATALOG_COMPILER_COMPLICATION_NAME = Complication;
				CODE_SIGN_STYLE = Automatic;
				DEVELOPMENT_ASSET_PATHS = "\"TinderLoader WatchKit Extension/Preview Content\"";
				ENABLE_PREVIEWS = YES;
				INFOPLIST_FILE = "TinderLoader WatchKit Extension/Info.plist";
				LD_RUNPATH_SEARCH_PATHS = (
					"$(inherited)",
					"@executable_path/Frameworks",
					"@executable_path/../../Frameworks",
				);
				PRODUCT_BUNDLE_IDENTIFIER = com.iamjdpatel.swiftui.watch.TinderLoader.watchkitapp.watchkitextension;
				PRODUCT_NAME = "${TARGET_NAME}";
				SDKROOT = watchos;
				SKIP_INSTALL = YES;
				SWIFT_VERSION = 5.0;
				TARGETED_DEVICE_FAMILY = 4;
				WATCHOS_DEPLOYMENT_TARGET = 7.0;
			};
			name = Debug;
		};
		F119A6E324FEB9E5003D130D /* Release */ = {
			isa = XCBuildConfiguration;
			buildSettings = {
				ASSETCATALOG_COMPILER_COMPLICATION_NAME = Complication;
				CODE_SIGN_STYLE = Automatic;
				DEVELOPMENT_ASSET_PATHS = "\"TinderLoader WatchKit Extension/Preview Content\"";
				ENABLE_PREVIEWS = YES;
				INFOPLIST_FILE = "TinderLoader WatchKit Extension/Info.plist";
				LD_RUNPATH_SEARCH_PATHS = (
					"$(inherited)",
					"@executable_path/Frameworks",
					"@executable_path/../../Frameworks",
				);
				PRODUCT_BUNDLE_IDENTIFIER = com.iamjdpatel.swiftui.watch.TinderLoader.watchkitapp.watchkitextension;
				PRODUCT_NAME = "${TARGET_NAME}";
				SDKROOT = watchos;
				SKIP_INSTALL = YES;
				SWIFT_VERSION = 5.0;
				TARGETED_DEVICE_FAMILY = 4;
				WATCHOS_DEPLOYMENT_TARGET = 7.0;
			};
			name = Release;
		};
		F119A6E624FEB9E5003D130D /* Debug */ = {
			isa = XCBuildConfiguration;
			buildSettings = {
				ALWAYS_EMBED_SWIFT_STANDARD_LIBRARIES = YES;
				ASSETCATALOG_COMPILER_APPICON_NAME = AppIcon;
				ASSETCATALOG_COMPILER_GLOBAL_ACCENT_COLOR_NAME = AccentColor;
				CODE_SIGN_STYLE = Automatic;
				IBSC_MODULE = TinderLoader_WatchKit_Extension;
				INFOPLIST_FILE = "TinderLoader WatchKit App/Info.plist";
				PRODUCT_BUNDLE_IDENTIFIER = com.iamjdpatel.swiftui.watch.TinderLoader.watchkitapp;
				PRODUCT_NAME = "$(TARGET_NAME)";
				SDKROOT = watchos;
				SKIP_INSTALL = YES;
				SWIFT_VERSION = 5.0;
				TARGETED_DEVICE_FAMILY = 4;
				WATCHOS_DEPLOYMENT_TARGET = 7.0;
			};
			name = Debug;
		};
		F119A6E724FEB9E5003D130D /* Release */ = {
			isa = XCBuildConfiguration;
			buildSettings = {
				ALWAYS_EMBED_SWIFT_STANDARD_LIBRARIES = YES;
				ASSETCATALOG_COMPILER_APPICON_NAME = AppIcon;
				ASSETCATALOG_COMPILER_GLOBAL_ACCENT_COLOR_NAME = AccentColor;
				CODE_SIGN_STYLE = Automatic;
				IBSC_MODULE = TinderLoader_WatchKit_Extension;
				INFOPLIST_FILE = "TinderLoader WatchKit App/Info.plist";
				PRODUCT_BUNDLE_IDENTIFIER = com.iamjdpatel.swiftui.watch.TinderLoader.watchkitapp;
				PRODUCT_NAME = "$(TARGET_NAME)";
				SDKROOT = watchos;
				SKIP_INSTALL = YES;
				SWIFT_VERSION = 5.0;
				TARGETED_DEVICE_FAMILY = 4;
				WATCHOS_DEPLOYMENT_TARGET = 7.0;
			};
			name = Release;
		};
		F119A6EA24FEB9E5003D130D /* Debug */ = {
			isa = XCBuildConfiguration;
			buildSettings = {
				CODE_SIGN_STYLE = Automatic;
				CURRENT_PROJECT_VERSION = 1;
				MARKETING_VERSION = 1.0;
				PRODUCT_BUNDLE_IDENTIFIER = com.iamjdpatel.swiftui.watch.TinderLoader;
				PRODUCT_NAME = "$(TARGET_NAME)";
				SWIFT_VERSION = 5.0;
			};
			name = Debug;
		};
		F119A6EB24FEB9E5003D130D /* Release */ = {
			isa = XCBuildConfiguration;
			buildSettings = {
				CODE_SIGN_STYLE = Automatic;
				CURRENT_PROJECT_VERSION = 1;
				MARKETING_VERSION = 1.0;
				PRODUCT_BUNDLE_IDENTIFIER = com.iamjdpatel.swiftui.watch.TinderLoader;
				PRODUCT_NAME = "$(TARGET_NAME)";
				SWIFT_VERSION = 5.0;
			};
			name = Release;
		};
/* End XCBuildConfiguration section */

/* Begin XCConfigurationList section */
		F119A6BB24FEB9E4003D130D /* Build configuration list for PBXProject "TinderLoader" */ = {
			isa = XCConfigurationList;
			buildConfigurations = (
				F119A6DF24FEB9E5003D130D /* Debug */,
				F119A6E024FEB9E5003D130D /* Release */,
			);
			defaultConfigurationIsVisible = 0;
			defaultConfigurationName = Release;
		};
		F119A6E124FEB9E5003D130D /* Build configuration list for PBXNativeTarget "TinderLoader WatchKit Extension" */ = {
			isa = XCConfigurationList;
			buildConfigurations = (
				F119A6E224FEB9E5003D130D /* Debug */,
				F119A6E324FEB9E5003D130D /* Release */,
			);
			defaultConfigurationIsVisible = 0;
			defaultConfigurationName = Release;
		};
		F119A6E524FEB9E5003D130D /* Build configuration list for PBXNativeTarget "TinderLoader WatchKit App" */ = {
			isa = XCConfigurationList;
			buildConfigurations = (
				F119A6E624FEB9E5003D130D /* Debug */,
				F119A6E724FEB9E5003D130D /* Release */,
			);
			defaultConfigurationIsVisible = 0;
			defaultConfigurationName = Release;
		};
		F119A6E924FEB9E5003D130D /* Build configuration list for PBXNativeTarget "TinderLoader" */ = {
			isa = XCConfigurationList;
			buildConfigurations = (
				F119A6EA24FEB9E5003D130D /* Debug */,
				F119A6EB24FEB9E5003D130D /* Release */,
			);
			defaultConfigurationIsVisible = 0;
			defaultConfigurationName = Release;
		};
/* End XCConfigurationList section */
	};
	rootObject = F119A6B824FEB9E4003D130D /* Project object */;
}
